
Microsoft Visual Studio Solution File, Format Version 12.00
# Visual Studio Version 17
VisualStudioVersion = 17.11.35219.272
MinimumVisualStudioVersion = 10.0.40219.1
Project("{9A19103F-16F7-4668-BE54-9A1E7A4F7556}") = "OpenIddictLearn.Server", "OpenIddict.Server\OpenIddictLearn.Server.csproj", "{355D3719-D503-40AB-BB25-D5E62410B447}"
EndProject
Project("{FAE04EC0-301F-11D3-BF4B-00C04F79EFBC}") = "OpenIddictLearn.WebApi", "OpenIddictLearn.WebApi\OpenIddictLearn.WebApi.csproj", "{030DAE09-AC13-47EB-9D77-092839EADCE0}"
EndProject
Global
	GlobalSection(SolutionConfigurationPlatforms) = preSolution
		Debug|Any CPU = Debug|Any CPU
		Release|Any CPU = Release|Any CPU
	EndGlobalSection
	GlobalSection(ProjectConfigurationPlatforms) = postSolution
		{355D3719-D503-40AB-BB25-D5E62410B447}.Debug|Any CPU.ActiveCfg = Debug|Any CPU
		{355D3719-D503-40AB-BB25-D5E62410B447}.Debug|Any CPU.Build.0 = Debug|Any CPU
		{355D3719-D503-40AB-BB25-D5E62410B447}.Release|Any CPU.ActiveCfg = Release|Any CPU
		{355D3719-D503-40AB-BB25-D5E62410B447}.Release|Any CPU.Build.0 = Release|Any CPU
		{030DAE09-AC13-47EB-9D77-092839EADCE0}.Debug|Any CPU.ActiveCfg = Debug|Any CPU
		{030DAE09-AC13-47EB-9D77-092839EADCE0}.Debug|Any CPU.Build.0 = Debug|Any CPU
		{030DAE09-AC13-47EB-9D77-092839EADCE0}.Release|Any CPU.ActiveCfg = Release|Any CPU
		{030DAE09-AC13-47EB-9D77-092839EADCE0}.Release|Any CPU.Build.0 = Release|Any CPU
	EndGlobalSection
	GlobalSection(SolutionProperties) = preSolution
		HideSolutionNode = FALSE
	EndGlobalSection
	GlobalSection(ExtensibilityGlobals) = postSolution
		SolutionGuid = {DB2AA538-A784-4D17-B710-A203C492BB18}
	EndGlobalSection
EndGlobal
